
Microsoft Visual Studio Solution File, Format Version 12.00
# Visual Studio 15
VisualStudioVersion = 15.0.27130.2027
MinimumVisualStudioVersion = 10.0.40219.1
Project("{FAE04EC0-301F-11D3-BF4B-00C04F79EFBC}") = "FreshLibrary", "FreshLibrary\FreshLibrary.csproj", "{95BE8ACC-2F19-4F89-97EA-83DA204B322E}"
EndProject
Global
	GlobalSection(SolutionConfigurationPlatforms) = preSolution
		Debug|Any CPU = Debug|Any CPU
		Release|Any CPU = Release|Any CPU
	EndGlobalSection
	GlobalSection(ProjectConfigurationPlatforms) = postSolution
		{95BE8ACC-2F19-4F89-97EA-83DA204B322E}.Debug|Any CPU.ActiveCfg = Debug|Any CPU
		{95BE8ACC-2F19-4F89-97EA-83DA204B322E}.Debug|Any CPU.Build.0 = Debug|Any CPU
		{95BE8ACC-2F19-4F89-97EA-83DA204B322E}.Release|Any CPU.ActiveCfg = Release|Any CPU
		{95BE8ACC-2F19-4F89-97EA-83DA204B322E}.Release|Any CPU.Build.0 = Release|Any CPU
	EndGlobalSection
	GlobalSection(SolutionProperties) = preSolution
		HideSolutionNode = FALSE
	EndGlobalSection
	GlobalSection(ExtensibilityGlobals) = postSolution
		SolutionGuid = {4031B7D9-7850-4558-AF85-501F6A310825}
	EndGlobalSection
EndGlobal
